
Microsoft Visual Studio Solution File, Format Version 12.00
# Visual Studio Version 17
VisualStudioVersion = 17.13.35919.96 d17.13
MinimumVisualStudioVersion = 10.0.40219.1
Project("{FAE04EC0-301F-11D3-BF4B-00C04F79EFBC}") = "CrudFormsDotNet", "CrudFormsDotNet\CrudFormsDotNet.csproj", "{BBA8B751-0994-4314-BDE4-50CD3038C9A8}"
EndProject
Global
	GlobalSection(SolutionConfigurationPlatforms) = preSolution
		Debug|Any CPU = Debug|Any CPU
		Release|Any CPU = Release|Any CPU
	EndGlobalSection
	GlobalSection(ProjectConfigurationPlatforms) = postSolution
		{BBA8B751-0994-4314-BDE4-50CD3038C9A8}.Debug|Any CPU.ActiveCfg = Debug|Any CPU
		{BBA8B751-0994-4314-BDE4-50CD3038C9A8}.Debug|Any CPU.Build.0 = Debug|Any CPU
		{BBA8B751-0994-4314-BDE4-50CD3038C9A8}.Release|Any CPU.ActiveCfg = Release|Any CPU
		{BBA8B751-0994-4314-BDE4-50CD3038C9A8}.Release|Any CPU.Build.0 = Release|Any CPU
	EndGlobalSection
	GlobalSection(SolutionProperties) = preSolution
		HideSolutionNode = FALSE
	EndGlobalSection
	GlobalSection(ExtensibilityGlobals) = postSolution
		SolutionGuid = {EC6F81EA-7863-49A7-8180-9970B414CCAB}
	EndGlobalSection
EndGlobal
